
Microsoft Visual Studio Solution File, Format Version 12.00
# Visual Studio Version 17
VisualStudioVersion = 17.4.33213.308
MinimumVisualStudioVersion = 10.0.40219.1
Project("{FAE04EC0-301F-11D3-BF4B-00C04F79EFBC}") = "Raot", "Raot.csproj", "{5E7A8EF8-2AD4-4EBA-8700-FF3465834241}"
EndProject
Global
	GlobalSection(SolutionConfigurationPlatforms) = preSolution
		Debug|Any CPU = Debug|Any CPU
		Release|Any CPU = Release|Any CPU
	EndGlobalSection
	GlobalSection(ProjectConfigurationPlatforms) = postSolution
		{5E7A8EF8-2AD4-4EBA-8700-FF3465834241}.Debug|Any CPU.ActiveCfg = Debug|Any CPU
		{5E7A8EF8-2AD4-4EBA-8700-FF3465834241}.Debug|Any CPU.Build.0 = Debug|Any CPU
		{5E7A8EF8-2AD4-4EBA-8700-FF3465834241}.Release|Any CPU.ActiveCfg = Release|Any CPU
		{5E7A8EF8-2AD4-4EBA-8700-FF3465834241}.Release|Any CPU.Build.0 = Release|Any CPU
	EndGlobalSection
	GlobalSection(SolutionProperties) = preSolution
		HideSolutionNode = FALSE
	EndGlobalSection
	GlobalSection(ExtensibilityGlobals) = postSolution
		SolutionGuid = {F7F59EF0-B6E2-4A83-9DDD-1B2CA57A8E4E}
	EndGlobalSection
EndGlobal
